
Microsoft Visual Studio Solution File, Format Version 12.00
# Visual Studio Version 17
VisualStudioVersion = 17.4.33205.214
MinimumVisualStudioVersion = 10.0.40219.1
Project("{FAE04EC0-301F-11D3-BF4B-00C04F79EFBC}") = "PaginacaoWeb", "PaginacaoWeb\PaginacaoWeb.csproj", "{72A7421E-D167-4A7F-B13E-906F69DC3E4F}"
EndProject
Global
	GlobalSection(SolutionConfigurationPlatforms) = preSolution
		Debug|Any CPU = Debug|Any CPU
		Release|Any CPU = Release|Any CPU
	EndGlobalSection
	GlobalSection(ProjectConfigurationPlatforms) = postSolution
		{72A7421E-D167-4A7F-B13E-906F69DC3E4F}.Debug|Any CPU.ActiveCfg = Debug|Any CPU
		{72A7421E-D167-4A7F-B13E-906F69DC3E4F}.Debug|Any CPU.Build.0 = Debug|Any CPU
		{72A7421E-D167-4A7F-B13E-906F69DC3E4F}.Release|Any CPU.ActiveCfg = Release|Any CPU
		{72A7421E-D167-4A7F-B13E-906F69DC3E4F}.Release|Any CPU.Build.0 = Release|Any CPU
	EndGlobalSection
	GlobalSection(SolutionProperties) = preSolution
		HideSolutionNode = FALSE
	EndGlobalSection
	GlobalSection(ExtensibilityGlobals) = postSolution
		SolutionGuid = {640A0556-D94D-4337-ACEF-FFD14D40FFC7}
	EndGlobalSection
EndGlobal
